
Microsoft Visual Studio Solution File, Format Version 12.00
# Visual Studio Version 17
VisualStudioVersion = 17.0.31717.71
MinimumVisualStudioVersion = 10.0.40219.1
Project("{9A19103F-16F7-4668-BE54-9A1E7A4F7556}") = "ITS.PW2.Frontend", "ITS.PW2.Frontend.csproj", "{4915F584-C75D-4325-A467-0B42FA5B852B}"
EndProject
Global
	GlobalSection(SolutionConfigurationPlatforms) = preSolution
		Debug|Any CPU = Debug|Any CPU
		Release|Any CPU = Release|Any CPU
	EndGlobalSection
	GlobalSection(ProjectConfigurationPlatforms) = postSolution
		{4915F584-C75D-4325-A467-0B42FA5B852B}.Debug|Any CPU.ActiveCfg = Debug|Any CPU
		{4915F584-C75D-4325-A467-0B42FA5B852B}.Debug|Any CPU.Build.0 = Debug|Any CPU
		{4915F584-C75D-4325-A467-0B42FA5B852B}.Release|Any CPU.ActiveCfg = Release|Any CPU
		{4915F584-C75D-4325-A467-0B42FA5B852B}.Release|Any CPU.Build.0 = Release|Any CPU
	EndGlobalSection
	GlobalSection(SolutionProperties) = preSolution
		HideSolutionNode = FALSE
	EndGlobalSection
	GlobalSection(ExtensibilityGlobals) = postSolution
		SolutionGuid = {FB338F41-E82F-4A22-8B57-367B1A1058AC}
	EndGlobalSection
EndGlobal